
Microsoft Visual Studio Solution File, Format Version 12.00
# Visual Studio 15
VisualStudioVersion = 15.0.27428.2005
MinimumVisualStudioVersion = 10.0.40219.1
Project("{9A19103F-16F7-4668-BE54-9A1E7A4F7556}") = "HandChef.Domain", "HandChef.Domain\HandChef.Domain.csproj", "{562DA548-E9E8-4CD7-BDA9-2AEE4C908609}"
EndProject
Project("{9A19103F-16F7-4668-BE54-9A1E7A4F7556}") = "HandChef.Infra", "HandChef.Infra\HandChef.Infra.csproj", "{AD7383DC-FAE7-4ED8-B1C6-E20BECDFB2DF}"
EndProject
Project("{9A19103F-16F7-4668-BE54-9A1E7A4F7556}") = "HandChef.API", "HandChef.API\HandChef.API.csproj", "{FB618AB9-89AF-4F67-9A7D-BD05D3FCB03F}"
EndProject
Project("{9A19103F-16F7-4668-BE54-9A1E7A4F7556}") = "HandChef.Shared", "HandChef.Shared\HandChef.Shared.csproj", "{ECB83D64-2F23-4775-A15A-F3B5C50B9E3E}"
EndProject
Project("{9A19103F-16F7-4668-BE54-9A1E7A4F7556}") = "HandChef.Domain.Tests", "HandChef.Domain.Tests\HandChef.Domain.Tests.csproj", "{C99ECF22-F04B-4C3F-BBB3-7B15A446971A}"
EndProject
Global
	GlobalSection(SolutionConfigurationPlatforms) = preSolution
		Debug|Any CPU = Debug|Any CPU
		Release|Any CPU = Release|Any CPU
	EndGlobalSection
	GlobalSection(ProjectConfigurationPlatforms) = postSolution
		{562DA548-E9E8-4CD7-BDA9-2AEE4C908609}.Debug|Any CPU.ActiveCfg = Debug|Any CPU
		{562DA548-E9E8-4CD7-BDA9-2AEE4C908609}.Debug|Any CPU.Build.0 = Debug|Any CPU
		{562DA548-E9E8-4CD7-BDA9-2AEE4C908609}.Release|Any CPU.ActiveCfg = Release|Any CPU
		{562DA548-E9E8-4CD7-BDA9-2AEE4C908609}.Release|Any CPU.Build.0 = Release|Any CPU
		{AD7383DC-FAE7-4ED8-B1C6-E20BECDFB2DF}.Debug|Any CPU.ActiveCfg = Debug|Any CPU
		{AD7383DC-FAE7-4ED8-B1C6-E20BECDFB2DF}.Debug|Any CPU.Build.0 = Debug|Any CPU
		{AD7383DC-FAE7-4ED8-B1C6-E20BECDFB2DF}.Release|Any CPU.ActiveCfg = Release|Any CPU
		{AD7383DC-FAE7-4ED8-B1C6-E20BECDFB2DF}.Release|Any CPU.Build.0 = Release|Any CPU
		{FB618AB9-89AF-4F67-9A7D-BD05D3FCB03F}.Debug|Any CPU.ActiveCfg = Debug|Any CPU
		{FB618AB9-89AF-4F67-9A7D-BD05D3FCB03F}.Debug|Any CPU.Build.0 = Debug|Any CPU
		{FB618AB9-89AF-4F67-9A7D-BD05D3FCB03F}.Release|Any CPU.ActiveCfg = Release|Any CPU
		{FB618AB9-89AF-4F67-9A7D-BD05D3FCB03F}.Release|Any CPU.Build.0 = Release|Any CPU
		{ECB83D64-2F23-4775-A15A-F3B5C50B9E3E}.Debug|Any CPU.ActiveCfg = Debug|Any CPU
		{ECB83D64-2F23-4775-A15A-F3B5C50B9E3E}.Debug|Any CPU.Build.0 = Debug|Any CPU
		{ECB83D64-2F23-4775-A15A-F3B5C50B9E3E}.Release|Any CPU.ActiveCfg = Release|Any CPU
		{ECB83D64-2F23-4775-A15A-F3B5C50B9E3E}.Release|Any CPU.Build.0 = Release|Any CPU
		{C99ECF22-F04B-4C3F-BBB3-7B15A446971A}.Debug|Any CPU.ActiveCfg = Debug|Any CPU
		{C99ECF22-F04B-4C3F-BBB3-7B15A446971A}.Debug|Any CPU.Build.0 = Debug|Any CPU
		{C99ECF22-F04B-4C3F-BBB3-7B15A446971A}.Release|Any CPU.ActiveCfg = Release|Any CPU
		{C99ECF22-F04B-4C3F-BBB3-7B15A446971A}.Release|Any CPU.Build.0 = Release|Any CPU
	EndGlobalSection
	GlobalSection(SolutionProperties) = preSolution
		HideSolutionNode = FALSE
	EndGlobalSection
	GlobalSection(ExtensibilityGlobals) = postSolution
		SolutionGuid = {22428402-266F-406A-82C7-AF3939D89079}
	EndGlobalSection
EndGlobal
